// !$*UTF8*$!
{
	archiveVersion = 1;
	classes = {
	};
	objectVersion = 51;
	objects = {

/* Begin PBXBuildFile section */
		352CF4FD3460A3505E7BB771 /* Pods_XibView.framework in Frameworks */ = {isa = PBXBuildFile; fileRef = 8B5AD52D9D9636841794A87C /* Pods_XibView.framework */; };
		6003685E267C5B2200C21BCB /* PickViewTestVC.m in Sources */ = {isa = PBXBuildFile; fileRef = 6003685C267C5B2200C21BCB /* PickViewTestVC.m */; };
		6003685F267C5B2200C21BCB /* PickViewTestVC.xib in Resources */ = {isa = PBXBuildFile; fileRef = 6003685D267C5B2200C21BCB /* PickViewTestVC.xib */; };
		60036898267CA38600C21BCB /* CloudKit.framework in Frameworks */ = {isa = PBXBuildFile; fileRef = 60036897267CA38600C21BCB /* CloudKit.framework */; };
		600B3F5A266603C20011C09A /* AAView.m in Sources */ = {isa = PBXBuildFile; fileRef = 600B3F59266603C20011C09A /* AAView.m */; };
		600B3F5F266603D00011C09A /* AAView.xib in Resources */ = {isa = PBXBuildFile; fileRef = 600B3F5E266603D00011C09A /* AAView.xib */; };
		600B3F67266609210011C09A /* RainTools.m in Sources */ = {isa = PBXBuildFile; fileRef = 600B3F66266609210011C09A /* RainTools.m */; };
		600B3F73266609C40011C09A /* XibViewController.m in Sources */ = {isa = PBXBuildFile; fileRef = 600B3F72266609C40011C09A /* XibViewController.m */; };
		6030342326687CAB0024E407 /* ConfigVC.m in Sources */ = {isa = PBXBuildFile; fileRef = 6030342226687CAB0024E407 /* ConfigVC.m */; };
		6030342926687D130024E407 /* ConfigView.m in Sources */ = {isa = PBXBuildFile; fileRef = 6030342826687D130024E407 /* ConfigView.m */; };
		6030344A2668CCDB0024E407 /* BarChartVC.m in Sources */ = {isa = PBXBuildFile; fileRef = 603034482668CCDB0024E407 /* BarChartVC.m */; };
		6030344B2668CCDB0024E407 /* BarChartVC.xib in Resources */ = {isa = PBXBuildFile; fileRef = 603034492668CCDB0024E407 /* BarChartVC.xib */; };
		603034512668D6650024E407 /* xFormat.m in Sources */ = {isa = PBXBuildFile; fileRef = 603034502668D6650024E407 /* xFormat.m */; };
		60BFA0D6267086D8007CDF83 /* iCloudVC.m in Sources */ = {isa = PBXBuildFile; fileRef = 60BFA0D4267086D8007CDF83 /* iCloudVC.m */; };
		60BFA0D7267086D8007CDF83 /* iCloudVC.xib in Resources */ = {isa = PBXBuildFile; fileRef = 60BFA0D5267086D8007CDF83 /* iCloudVC.xib */; };
		60CFC24C266DE156007FAB37 /* ViewTransformImageVC.m in Sources */ = {isa = PBXBuildFile; fileRef = 60CFC24A266DE156007FAB37 /* ViewTransformImageVC.m */; };
		60CFC24D266DE156007FAB37 /* ViewTransformImageVC.xib in Resources */ = {isa = PBXBuildFile; fileRef = 60CFC24B266DE156007FAB37 /* ViewTransformImageVC.xib */; };
		60E6642C2682E42C00F865EE /* weakObject.m in Sources */ = {isa = PBXBuildFile; fileRef = 60E6642B2682E42C00F865EE /* weakObject.m */; };
		60E664322682FBE200F865EE /* AOPObject.m in Sources */ = {isa = PBXBuildFile; fileRef = 60E664312682FBE200F865EE /* AOPObject.m */; };
		60E664382683000000F865EE /* NSObject+RainExtend.m in Sources */ = {isa = PBXBuildFile; fileRef = 60E664372683000000F865EE /* NSObject+RainExtend.m */; };
		60E6A7FE263956A90025018E /* AppDelegate.m in Sources */ = {isa = PBXBuildFile; fileRef = 60E6A7FD263956A90025018E /* AppDelegate.m */; };
		60E6A801263956A90025018E /* SceneDelegate.m in Sources */ = {isa = PBXBuildFile; fileRef = 60E6A800263956A90025018E /* SceneDelegate.m */; };
		60E6A804263956A90025018E /* ViewController.m in Sources */ = {isa = PBXBuildFile; fileRef = 60E6A803263956A90025018E /* ViewController.m */; };
		60E6A807263956A90025018E /* Main.storyboard in Resources */ = {isa = PBXBuildFile; fileRef = 60E6A805263956A90025018E /* Main.storyboard */; };
		60E6A809263956AC0025018E /* Assets.xcassets in Resources */ = {isa = PBXBuildFile; fileRef = 60E6A808263956AC0025018E /* Assets.xcassets */; };
		60E6A80C263956AC0025018E /* LaunchScreen.storyboard in Resources */ = {isa = PBXBuildFile; fileRef = 60E6A80A263956AC0025018E /* LaunchScreen.storyboard */; };
		60E6A80F263956AC0025018E /* main.m in Sources */ = {isa = PBXBuildFile; fileRef = 60E6A80E263956AC0025018E /* main.m */; };
		60E6A819263956AD0025018E /* XibViewTests.m in Sources */ = {isa = PBXBuildFile; fileRef = 60E6A818263956AD0025018E /* XibViewTests.m */; };
		60E6A824263956AD0025018E /* XibViewUITests.m in Sources */ = {isa = PBXBuildFile; fileRef = 60E6A823263956AD0025018E /* XibViewUITests.m */; };
		60E6A836263956C00025018E /* TestView.m in Sources */ = {isa = PBXBuildFile; fileRef = 60E6A835263956C00025018E /* TestView.m */; };
		60E6A83B263956CE0025018E /* TestView.xib in Resources */ = {isa = PBXBuildFile; fileRef = 60E6A83A263956CE0025018E /* TestView.xib */; };
		60F42DB8266758400088F052 /* LeadVC.m in Sources */ = {isa = PBXBuildFile; fileRef = 60F42DB6266758400088F052 /* LeadVC.m */; };
		60F42DB9266758400088F052 /* LeadVC.xib in Resources */ = {isa = PBXBuildFile; fileRef = 60F42DB7266758400088F052 /* LeadVC.xib */; };
		60F42DE826677BC30088F052 /* ChartsViewController.m in Sources */ = {isa = PBXBuildFile; fileRef = 60F42DE626677BC20088F052 /* ChartsViewController.m */; };
		60F42DE926677BC30088F052 /* ChartsViewController.xib in Resources */ = {isa = PBXBuildFile; fileRef = 60F42DE726677BC30088F052 /* ChartsViewController.xib */; };
		60FFEFDE2669F5B800DDF2DE /* ContextVC.m in Sources */ = {isa = PBXBuildFile; fileRef = 60FFEFDD2669F5B800DDF2DE /* ContextVC.m */; };
		60FFEFE42669F6A500DDF2DE /* photo.png in Resources */ = {isa = PBXBuildFile; fileRef = 60FFEFE32669F6A500DDF2DE /* photo.png */; };
		60FFEFEC2669F87900DDF2DE /* ContextVC.xib in Resources */ = {isa = PBXBuildFile; fileRef = 60FFEFEB2669F87900DDF2DE /* ContextVC.xib */; };
		60FFEFF2266A0C4E00DDF2DE /* ContextView.m in Sources */ = {isa = PBXBuildFile; fileRef = 60FFEFF1266A0C4E00DDF2DE /* ContextView.m */; };
/* End PBXBuildFile section */

/* Begin PBXContainerItemProxy section */
		60E6A815263956AD0025018E /* PBXContainerItemProxy */ = {
			isa = PBXContainerItemProxy;
			containerPortal = 60E6A7F1263956A90025018E /* Project object */;
			proxyType = 1;
			remoteGlobalIDString = 60E6A7F8263956A90025018E;
			remoteInfo = XibView;
		};
		60E6A820263956AD0025018E /* PBXContainerItemProxy */ = {
			isa = PBXContainerItemProxy;
			containerPortal = 60E6A7F1263956A90025018E /* Project object */;
			proxyType = 1;
			remoteGlobalIDString = 60E6A7F8263956A90025018E;
			remoteInfo = XibView;
		};
/* End PBXContainerItemProxy section */

/* Begin PBXFileReference section */
		6003685B267C5B2200C21BCB /* PickViewTestVC.h */ = {isa = PBXFileReference; lastKnownFileType = sourcecode.c.h; path = PickViewTestVC.h; sourceTree = "<group>"; };
		6003685C267C5B2200C21BCB /* PickViewTestVC.m */ = {isa = PBXFileReference; lastKnownFileType = sourcecode.c.objc; path = PickViewTestVC.m; sourceTree = "<group>"; };
		6003685D267C5B2200C21BCB /* PickViewTestVC.xib */ = {isa = PBXFileReference; lastKnownFileType = file.xib; path = PickViewTestVC.xib; sourceTree = "<group>"; };
		60036893267CA37600C21BCB /* XibViewRelease.entitlements */ = {isa = PBXFileReference; lastKnownFileType = text.plist.entitlements; path = XibViewRelease.entitlements; sourceTree = "<group>"; };
		60036897267CA38600C21BCB /* CloudKit.framework */ = {isa = PBXFileReference; lastKnownFileType = wrapper.framework; name = CloudKit.framework; path = System/Library/Frameworks/CloudKit.framework; sourceTree = SDKROOT; };
		600B3F58266603C20011C09A /* AAView.h */ = {isa = PBXFileReference; lastKnownFileType = sourcecode.c.h; path = AAView.h; sourceTree = "<group>"; };
		600B3F59266603C20011C09A /* AAView.m */ = {isa = PBXFileReference; lastKnownFileType = sourcecode.c.objc; path = AAView.m; sourceTree = "<group>"; };
		600B3F5E266603D00011C09A /* AAView.xib */ = {isa = PBXFileReference; lastKnownFileType = file.xib; path = AAView.xib; sourceTree = "<group>"; };
		600B3F65266609210011C09A /* RainTools.h */ = {isa = PBXFileReference; lastKnownFileType = sourcecode.c.h; path = RainTools.h; sourceTree = "<group>"; };
		600B3F66266609210011C09A /* RainTools.m */ = {isa = PBXFileReference; lastKnownFileType = sourcecode.c.objc; path = RainTools.m; sourceTree = "<group>"; };
		600B3F71266609C40011C09A /* XibViewController.h */ = {isa = PBXFileReference; lastKnownFileType = sourcecode.c.h; path = XibViewController.h; sourceTree = "<group>"; };
		600B3F72266609C40011C09A /* XibViewController.m */ = {isa = PBXFileReference; lastKnownFileType = sourcecode.c.objc; path = XibViewController.m; sourceTree = "<group>"; };
		600B3F7726660C2D0011C09A /* RainHeader.h */ = {isa = PBXFileReference; lastKnownFileType = sourcecode.c.h; path = RainHeader.h; sourceTree = "<group>"; };
		600B3F7E266614940011C09A /* PrefixHeader.pch */ = {isa = PBXFileReference; lastKnownFileType = sourcecode.c.h; path = PrefixHeader.pch; sourceTree = "<group>"; };
		6030342126687CAB0024E407 /* ConfigVC.h */ = {isa = PBXFileReference; lastKnownFileType = sourcecode.c.h; path = ConfigVC.h; sourceTree = "<group>"; };
		6030342226687CAB0024E407 /* ConfigVC.m */ = {isa = PBXFileReference; lastKnownFileType = sourcecode.c.objc; path = ConfigVC.m; sourceTree = "<group>"; };
		6030342726687D130024E407 /* ConfigView.h */ = {isa = PBXFileReference; lastKnownFileType = sourcecode.c.h; path = ConfigView.h; sourceTree = "<group>"; };
		6030342826687D130024E407 /* ConfigView.m */ = {isa = PBXFileReference; lastKnownFileType = sourcecode.c.objc; path = ConfigView.m; sourceTree = "<group>"; };
		603034472668CCDB0024E407 /* BarChartVC.h */ = {isa = PBXFileReference; lastKnownFileType = sourcecode.c.h; path = BarChartVC.h; sourceTree = "<group>"; };
		603034482668CCDB0024E407 /* BarChartVC.m */ = {isa = PBXFileReference; lastKnownFileType = sourcecode.c.objc; path = BarChartVC.m; sourceTree = "<group>"; };
		603034492668CCDB0024E407 /* BarChartVC.xib */ = {isa = PBXFileReference; lastKnownFileType = file.xib; path = BarChartVC.xib; sourceTree = "<group>"; };
		6030344F2668D6650024E407 /* xFormat.h */ = {isa = PBXFileReference; lastKnownFileType = sourcecode.c.h; path = xFormat.h; sourceTree = "<group>"; };
		603034502668D6650024E407 /* xFormat.m */ = {isa = PBXFileReference; lastKnownFileType = sourcecode.c.objc; path = xFormat.m; sourceTree = "<group>"; };
		60BFA0D3267086D8007CDF83 /* iCloudVC.h */ = {isa = PBXFileReference; lastKnownFileType = sourcecode.c.h; path = iCloudVC.h; sourceTree = "<group>"; };
		60BFA0D4267086D8007CDF83 /* iCloudVC.m */ = {isa = PBXFileReference; lastKnownFileType = sourcecode.c.objc; path = iCloudVC.m; sourceTree = "<group>"; };
		60BFA0D5267086D8007CDF83 /* iCloudVC.xib */ = {isa = PBXFileReference; lastKnownFileType = file.xib; path = iCloudVC.xib; sourceTree = "<group>"; };
		60CFC249266DE156007FAB37 /* ViewTransformImageVC.h */ = {isa = PBXFileReference; lastKnownFileType = sourcecode.c.h; path = ViewTransformImageVC.h; sourceTree = "<group>"; };
		60CFC24A266DE156007FAB37 /* ViewTransformImageVC.m */ = {isa = PBXFileReference; lastKnownFileType = sourcecode.c.objc; path = ViewTransformImageVC.m; sourceTree = "<group>"; };
		60CFC24B266DE156007FAB37 /* ViewTransformImageVC.xib */ = {isa = PBXFileReference; lastKnownFileType = file.xib; path = ViewTransformImageVC.xib; sourceTree = "<group>"; };
		60E6642A2682E42C00F865EE /* weakObject.h */ = {isa = PBXFileReference; lastKnownFileType = sourcecode.c.h; path = weakObject.h; sourceTree = "<group>"; };
		60E6642B2682E42C00F865EE /* weakObject.m */ = {isa = PBXFileReference; lastKnownFileType = sourcecode.c.objc; path = weakObject.m; sourceTree = "<group>"; };
		60E664302682FBE200F865EE /* AOPObject.h */ = {isa = PBXFileReference; lastKnownFileType = sourcecode.c.h; path = AOPObject.h; sourceTree = "<group>"; };
		60E664312682FBE200F865EE /* AOPObject.m */ = {isa = PBXFileReference; lastKnownFileType = sourcecode.c.objc; path = AOPObject.m; sourceTree = "<group>"; };
		60E664362683000000F865EE /* NSObject+RainExtend.h */ = {isa = PBXFileReference; lastKnownFileType = sourcecode.c.h; path = "NSObject+RainExtend.h"; sourceTree = "<group>"; };
		60E664372683000000F865EE /* NSObject+RainExtend.m */ = {isa = PBXFileReference; lastKnownFileType = sourcecode.c.objc; path = "NSObject+RainExtend.m"; sourceTree = "<group>"; };
		60E6A7F9263956A90025018E /* XibView.app */ = {isa = PBXFileReference; explicitFileType = wrapper.application; includeInIndex = 0; path = XibView.app; sourceTree = BUILT_PRODUCTS_DIR; };
		60E6A7FC263956A90025018E /* AppDelegate.h */ = {isa = PBXFileReference; lastKnownFileType = sourcecode.c.h; path = AppDelegate.h; sourceTree = "<group>"; };
		60E6A7FD263956A90025018E /* AppDelegate.m */ = {isa = PBXFileReference; lastKnownFileType = sourcecode.c.objc; path = AppDelegate.m; sourceTree = "<group>"; };
		60E6A7FF263956A90025018E /* SceneDelegate.h */ = {isa = PBXFileReference; lastKnownFileType = sourcecode.c.h; path = SceneDelegate.h; sourceTree = "<group>"; };
		60E6A800263956A90025018E /* SceneDelegate.m */ = {isa = PBXFileReference; lastKnownFileType = sourcecode.c.objc; path = SceneDelegate.m; sourceTree = "<group>"; };
		60E6A802263956A90025018E /* ViewController.h */ = {isa = PBXFileReference; lastKnownFileType = sourcecode.c.h; path = ViewController.h; sourceTree = "<group>"; };
		60E6A803263956A90025018E /* ViewController.m */ = {isa = PBXFileReference; lastKnownFileType = sourcecode.c.objc; path = ViewController.m; sourceTree = "<group>"; };
		60E6A806263956A90025018E /* Base */ = {isa = PBXFileReference; lastKnownFileType = file.storyboard; name = Base; path = Base.lproj/Main.storyboard; sourceTree = "<group>"; };
		60E6A808263956AC0025018E /* Assets.xcassets */ = {isa = PBXFileReference; lastKnownFileType = folder.assetcatalog; path = Assets.xcassets; sourceTree = "<group>"; };
		60E6A80B263956AC0025018E /* Base */ = {isa = PBXFileReference; lastKnownFileType = file.storyboard; name = Base; path = Base.lproj/LaunchScreen.storyboard; sourceTree = "<group>"; };
		60E6A80D263956AC0025018E /* Info.plist */ = {isa = PBXFileReference; lastKnownFileType = text.plist.xml; path = Info.plist; sourceTree = "<group>"; };
		60E6A80E263956AC0025018E /* main.m */ = {isa = PBXFileReference; lastKnownFileType = sourcecode.c.objc; path = main.m; sourceTree = "<group>"; };
		60E6A814263956AD0025018E /* XibViewTests.xctest */ = {isa = PBXFileReference; explicitFileType = wrapper.cfbundle; includeInIndex = 0; path = XibViewTests.xctest; sourceTree = BUILT_PRODUCTS_DIR; };
		60E6A818263956AD0025018E /* XibViewTests.m */ = {isa = PBXFileReference; lastKnownFileType = sourcecode.c.objc; path = XibViewTests.m; sourceTree = "<group>"; };
		60E6A81A263956AD0025018E /* Info.plist */ = {isa = PBXFileReference; lastKnownFileType = text.plist.xml; path = Info.plist; sourceTree = "<group>"; };
		60E6A81F263956AD0025018E /* XibViewUITests.xctest */ = {isa = PBXFileReference; explicitFileType = wrapper.cfbundle; includeInIndex = 0; path = XibViewUITests.xctest; sourceTree = BUILT_PRODUCTS_DIR; };
		60E6A823263956AD0025018E /* XibViewUITests.m */ = {isa = PBXFileReference; lastKnownFileType = sourcecode.c.objc; path = XibViewUITests.m; sourceTree = "<group>"; };
		60E6A825263956AD0025018E /* Info.plist */ = {isa = PBXFileReference; lastKnownFileType = text.plist.xml; path = Info.plist; sourceTree = "<group>"; };
		60E6A834263956C00025018E /* TestView.h */ = {isa = PBXFileReference; lastKnownFileType = sourcecode.c.h; path = TestView.h; sourceTree = "<group>"; };
		60E6A835263956C00025018E /* TestView.m */ = {isa = PBXFileReference; lastKnownFileType = sourcecode.c.objc; path = TestView.m; sourceTree = "<group>"; };
		60E6A83A263956CE0025018E /* TestView.xib */ = {isa = PBXFileReference; lastKnownFileType = file.xib; path = TestView.xib; sourceTree = "<group>"; };
		60F42DB5266758400088F052 /* LeadVC.h */ = {isa = PBXFileReference; lastKnownFileType = sourcecode.c.h; path = LeadVC.h; sourceTree = "<group>"; };
		60F42DB6266758400088F052 /* LeadVC.m */ = {isa = PBXFileReference; lastKnownFileType = sourcecode.c.objc; path = LeadVC.m; sourceTree = "<group>"; };
		60F42DB7266758400088F052 /* LeadVC.xib */ = {isa = PBXFileReference; lastKnownFileType = file.xib; path = LeadVC.xib; sourceTree = "<group>"; };
		60F42DD826677B560088F052 /* XibView-Bridging-Header.h */ = {isa = PBXFileReference; lastKnownFileType = sourcecode.c.h; path = "XibView-Bridging-Header.h"; sourceTree = "<group>"; };
		60F42DE526677BC20088F052 /* ChartsViewController.h */ = {isa = PBXFileReference; lastKnownFileType = sourcecode.c.h; path = ChartsViewController.h; sourceTree = "<group>"; };
		60F42DE626677BC20088F052 /* ChartsViewController.m */ = {isa = PBXFileReference; lastKnownFileType = sourcecode.c.objc; path = ChartsViewController.m; sourceTree = "<group>"; };
		60F42DE726677BC30088F052 /* ChartsViewController.xib */ = {isa = PBXFileReference; lastKnownFileType = file.xib; path = ChartsViewController.xib; sourceTree = "<group>"; };
		60FFEFDC2669F5B800DDF2DE /* ContextVC.h */ = {isa = PBXFileReference; lastKnownFileType = sourcecode.c.h; path = ContextVC.h; sourceTree = "<group>"; };
		60FFEFDD2669F5B800DDF2DE /* ContextVC.m */ = {isa = PBXFileReference; lastKnownFileType = sourcecode.c.objc; path = ContextVC.m; sourceTree = "<group>"; };
		60FFEFE32669F6A500DDF2DE /* photo.png */ = {isa = PBXFileReference; lastKnownFileType = image.png; path = photo.png; sourceTree = "<group>"; };
		60FFEFEB2669F87900DDF2DE /* ContextVC.xib */ = {isa = PBXFileReference; lastKnownFileType = file.xib; path = ContextVC.xib; sourceTree = "<group>"; };
		60FFEFF0266A0C4E00DDF2DE /* ContextView.h */ = {isa = PBXFileReference; lastKnownFileType = sourcecode.c.h; path = ContextView.h; sourceTree = "<group>"; };
		60FFEFF1266A0C4E00DDF2DE /* ContextView.m */ = {isa = PBXFileReference; lastKnownFileType = sourcecode.c.objc; path = ContextView.m; sourceTree = "<group>"; };
		70EE2313C9AAA88DB7F45A8E /* Pods-XibView.debug.xcconfig */ = {isa = PBXFileReference; includeInIndex = 1; lastKnownFileType = text.xcconfig; name = "Pods-XibView.debug.xcconfig"; path = "Target Support Files/Pods-XibView/Pods-XibView.debug.xcconfig"; sourceTree = "<group>"; };
		82C7F4FED4E88FB1BB489A00 /* Pods-XibView.release.xcconfig */ = {isa = PBXFileReference; includeInIndex = 1; lastKnownFileType = text.xcconfig; name = "Pods-XibView.release.xcconfig"; path = "Target Support Files/Pods-XibView/Pods-XibView.release.xcconfig"; sourceTree = "<group>"; };
		8B5AD52D9D9636841794A87C /* Pods_XibView.framework */ = {isa = PBXFileReference; explicitFileType = wrapper.framework; includeInIndex = 0; path = Pods_XibView.framework; sourceTree = BUILT_PRODUCTS_DIR; };
/* End PBXFileReference section */

/* Begin PBXFrameworksBuildPhase section */
		60E6A7F6263956A90025018E /* Frameworks */ = {
			isa = PBXFrameworksBuildPhase;
			buildActionMask = 2147483647;
			files = (
				352CF4FD3460A3505E7BB771 /* Pods_XibView.framework in Frameworks */,
				60036898267CA38600C21BCB /* CloudKit.framework in Frameworks */,
			);
			runOnlyForDeploymentPostprocessing = 0;
		};
		60E6A811263956AD0025018E /* Frameworks */ = {
			isa = PBXFrameworksBuildPhase;
			buildActionMask = 2147483647;
			files = (
			);
			runOnlyForDeploymentPostprocessing = 0;
		};
		60E6A81C263956AD0025018E /* Frameworks */ = {
			isa = PBXFrameworksBuildPhase;
			buildActionMask = 2147483647;
			files = (
			);
			runOnlyForDeploymentPostprocessing = 0;
		};
/* End PBXFrameworksBuildPhase section */

/* Begin PBXGroup section */
		52A5DD5D3108A27ABAFA0477 /* Pods */ = {
			isa = PBXGroup;
			children = (
				70EE2313C9AAA88DB7F45A8E /* Pods-XibView.debug.xcconfig */,
				82C7F4FED4E88FB1BB489A00 /* Pods-XibView.release.xcconfig */,
			);
			path = Pods;
			sourceTree = "<group>";
		};
		6003685A267C5B0800C21BCB /* UIPickView的使用 */ = {
			isa = PBXGroup;
			children = (
				6003685B267C5B2200C21BCB /* PickViewTestVC.h */,
				6003685C267C5B2200C21BCB /* PickViewTestVC.m */,
				6003685D267C5B2200C21BCB /* PickViewTestVC.xib */,
			);
			path = "UIPickView的使用";
			sourceTree = "<group>";
		};
		600B3F63266608BF0011C09A /* Xib的View运用 */ = {
			isa = PBXGroup;
			children = (
				60E6A834263956C00025018E /* TestView.h */,
				60E6A835263956C00025018E /* TestView.m */,
				60E6A83A263956CE0025018E /* TestView.xib */,
				600B3F58266603C20011C09A /* AAView.h */,
				600B3F59266603C20011C09A /* AAView.m */,
				600B3F5E266603D00011C09A /* AAView.xib */,
				60F42DB5266758400088F052 /* LeadVC.h */,
				60F42DB6266758400088F052 /* LeadVC.m */,
				60F42DB7266758400088F052 /* LeadVC.xib */,
				6030342126687CAB0024E407 /* ConfigVC.h */,
				6030342226687CAB0024E407 /* ConfigVC.m */,
				6030342726687D130024E407 /* ConfigView.h */,
				6030342826687D130024E407 /* ConfigView.m */,
			);
			path = "Xib的View运用";
			sourceTree = "<group>";
		};
		600B3F64266608E80011C09A /* RainTools */ = {
			isa = PBXGroup;
			children = (
				600B3F65266609210011C09A /* RainTools.h */,
				600B3F66266609210011C09A /* RainTools.m */,
				600B3F7726660C2D0011C09A /* RainHeader.h */,
				600B3F7E266614940011C09A /* PrefixHeader.pch */,
				60E664362683000000F865EE /* NSObject+RainExtend.h */,
				60E664372683000000F865EE /* NSObject+RainExtend.m */,
			);
			path = RainTools;
			sourceTree = "<group>";
		};
		60BFA0C6267086A4007CDF83 /* Others */ = {
			isa = PBXGroup;
			children = (
				60BFA0D3267086D8007CDF83 /* iCloudVC.h */,
				60BFA0D4267086D8007CDF83 /* iCloudVC.m */,
				60BFA0D5267086D8007CDF83 /* iCloudVC.xib */,
			);
			path = Others;
			sourceTree = "<group>";
		};
		60E664292682E41A00F865EE /* 循环引用，中间类的使用 */ = {
			isa = PBXGroup;
			children = (
				60E6642A2682E42C00F865EE /* weakObject.h */,
				60E6642B2682E42C00F865EE /* weakObject.m */,
				60E664302682FBE200F865EE /* AOPObject.h */,
				60E664312682FBE200F865EE /* AOPObject.m */,
			);
			path = "循环引用，中间类的使用";
			sourceTree = "<group>";
		};
		60E6A7F0263956A90025018E = {
			isa = PBXGroup;
			children = (
				60E6A7FB263956A90025018E /* XibView */,
				60E6A817263956AD0025018E /* XibViewTests */,
				60E6A822263956AD0025018E /* XibViewUITests */,
				60E6A7FA263956A90025018E /* Products */,
				52A5DD5D3108A27ABAFA0477 /* Pods */,
				F697708867B6AD3CBCC50878 /* Frameworks */,
			);
			sourceTree = "<group>";
		};
		60E6A7FA263956A90025018E /* Products */ = {
			isa = PBXGroup;
			children = (
				60E6A7F9263956A90025018E /* XibView.app */,
				60E6A814263956AD0025018E /* XibViewTests.xctest */,
				60E6A81F263956AD0025018E /* XibViewUITests.xctest */,
			);
			name = Products;
			sourceTree = "<group>";
		};
		60E6A7FB263956A90025018E /* XibView */ = {
			isa = PBXGroup;
			children = (
				60E664292682E41A00F865EE /* 循环引用，中间类的使用 */,
				60036893267CA37600C21BCB /* XibViewRelease.entitlements */,
				6003685A267C5B0800C21BCB /* UIPickView的使用 */,
				60BFA0C6267086A4007CDF83 /* Others */,
				60FFEFE22669F5C700DDF2DE /* 绘图 */,
				600B3F64266608E80011C09A /* RainTools */,
				600B3F63266608BF0011C09A /* Xib的View运用 */,
				60E6A7FC263956A90025018E /* AppDelegate.h */,
				60E6A7FD263956A90025018E /* AppDelegate.m */,
				60F42DE426677BA90088F052 /* Charts图表 */,
				60E6A7FF263956A90025018E /* SceneDelegate.h */,
				60E6A800263956A90025018E /* SceneDelegate.m */,
				60E6A802263956A90025018E /* ViewController.h */,
				60E6A803263956A90025018E /* ViewController.m */,
				600B3F71266609C40011C09A /* XibViewController.h */,
				600B3F72266609C40011C09A /* XibViewController.m */,
				60E6A805263956A90025018E /* Main.storyboard */,
				60E6A808263956AC0025018E /* Assets.xcassets */,
				60E6A80A263956AC0025018E /* LaunchScreen.storyboard */,
				60E6A80D263956AC0025018E /* Info.plist */,
				60E6A80E263956AC0025018E /* main.m */,
				60F42DD826677B560088F052 /* XibView-Bridging-Header.h */,
			);
			path = XibView;
			sourceTree = "<group>";
		};
		60E6A817263956AD0025018E /* XibViewTests */ = {
			isa = PBXGroup;
			children = (
				60E6A818263956AD0025018E /* XibViewTests.m */,
				60E6A81A263956AD0025018E /* Info.plist */,
			);
			path = XibViewTests;
			sourceTree = "<group>";
		};
		60E6A822263956AD0025018E /* XibViewUITests */ = {
			isa = PBXGroup;
			children = (
				60E6A823263956AD0025018E /* XibViewUITests.m */,
				60E6A825263956AD0025018E /* Info.plist */,
			);
			path = XibViewUITests;
			sourceTree = "<group>";
		};
		60F42DE426677BA90088F052 /* Charts图表 */ = {
			isa = PBXGroup;
			children = (
				60F42DE526677BC20088F052 /* ChartsViewController.h */,
				60F42DE626677BC20088F052 /* ChartsViewController.m */,
				60F42DE726677BC30088F052 /* ChartsViewController.xib */,
				603034472668CCDB0024E407 /* BarChartVC.h */,
				603034482668CCDB0024E407 /* BarChartVC.m */,
				603034492668CCDB0024E407 /* BarChartVC.xib */,
				6030344F2668D6650024E407 /* xFormat.h */,
				603034502668D6650024E407 /* xFormat.m */,
			);
			path = "Charts图表";
			sourceTree = "<group>";
		};
		60FFEFE22669F5C700DDF2DE /* 绘图 */ = {
			isa = PBXGroup;
			children = (
				60FFEFE32669F6A500DDF2DE /* photo.png */,
				60FFEFDC2669F5B800DDF2DE /* ContextVC.h */,
				60FFEFDD2669F5B800DDF2DE /* ContextVC.m */,
				60FFEFEB2669F87900DDF2DE /* ContextVC.xib */,
				60FFEFF0266A0C4E00DDF2DE /* ContextView.h */,
				60FFEFF1266A0C4E00DDF2DE /* ContextView.m */,
				60CFC249266DE156007FAB37 /* ViewTransformImageVC.h */,
				60CFC24A266DE156007FAB37 /* ViewTransformImageVC.m */,
				60CFC24B266DE156007FAB37 /* ViewTransformImageVC.xib */,
			);
			path = "绘图";
			sourceTree = "<group>";
		};
		F697708867B6AD3CBCC50878 /* Frameworks */ = {
			isa = PBXGroup;
			children = (
				60036897267CA38600C21BCB /* CloudKit.framework */,
				8B5AD52D9D9636841794A87C /* Pods_XibView.framework */,
			);
			name = Frameworks;
			sourceTree = "<group>";
		};
/* End PBXGroup section */

/* Begin PBXNativeTarget section */
		60E6A7F8263956A90025018E /* XibView */ = {
			isa = PBXNativeTarget;
			buildConfigurationList = 60E6A828263956AD0025018E /* Build configuration list for PBXNativeTarget "XibView" */;
			buildPhases = (
				0292BFF34F19961147C0EA76 /* [CP] Check Pods Manifest.lock */,
				60E6A7F5263956A90025018E /* Sources */,
				60E6A7F6263956A90025018E /* Frameworks */,
				60E6A7F7263956A90025018E /* Resources */,
				10084C58245D8B332A9EF72E /* [CP] Embed Pods Frameworks */,
			);
			buildRules = (
			);
			dependencies = (
			);
			name = XibView;
			productName = XibView;
			productReference = 60E6A7F9263956A90025018E /* XibView.app */;
			productType = "com.apple.product-type.application";
		};
		60E6A813263956AD0025018E /* XibViewTests */ = {
			isa = PBXNativeTarget;
			buildConfigurationList = 60E6A82B263956AD0025018E /* Build configuration list for PBXNativeTarget "XibViewTests" */;
			buildPhases = (
				60E6A810263956AD0025018E /* Sources */,
				60E6A811263956AD0025018E /* Frameworks */,
				60E6A812263956AD0025018E /* Resources */,
			);
			buildRules = (
			);
			dependencies = (
				60E6A816263956AD0025018E /* PBXTargetDependency */,
			);
			name = XibViewTests;
			productName = XibViewTests;
			productReference = 60E6A814263956AD0025018E /* XibViewTests.xctest */;
			productType = "com.apple.product-type.bundle.unit-test";
		};
		60E6A81E263956AD0025018E /* XibViewUITests */ = {
			isa = PBXNativeTarget;
			buildConfigurationList = 60E6A82E263956AD0025018E /* Build configuration list for PBXNativeTarget "XibViewUITests" */;
			buildPhases = (
				60E6A81B263956AD0025018E /* Sources */,
				60E6A81C263956AD0025018E /* Frameworks */,
				60E6A81D263956AD0025018E /* Resources */,
			);
			buildRules = (
			);
			dependencies = (
				60E6A821263956AD0025018E /* PBXTargetDependency */,
			);
			name = XibViewUITests;
			productName = XibViewUITests;
			productReference = 60E6A81F263956AD0025018E /* XibViewUITests.xctest */;
			productType = "com.apple.product-type.bundle.ui-testing";
		};
/* End PBXNativeTarget section */

/* Begin PBXProject section */
		60E6A7F1263956A90025018E /* Project object */ = {
			isa = PBXProject;
			attributes = {
				LastUpgradeCheck = 1240;
				TargetAttributes = {
					60E6A7F8263956A90025018E = {
						CreatedOnToolsVersion = 12.4;
						LastSwiftMigration = 1240;
					};
					60E6A813263956AD0025018E = {
						CreatedOnToolsVersion = 12.4;
						TestTargetID = 60E6A7F8263956A90025018E;
					};
					60E6A81E263956AD0025018E = {
						CreatedOnToolsVersion = 12.4;
						TestTargetID = 60E6A7F8263956A90025018E;
					};
				};
			};
			buildConfigurationList = 60E6A7F4263956A90025018E /* Build configuration list for PBXProject "XibView" */;
			compatibilityVersion = "Xcode 9.3";
			developmentRegion = en;
			hasScannedForEncodings = 0;
			knownRegions = (
				en,
				Base,
			);
			mainGroup = 60E6A7F0263956A90025018E;
			productRefGroup = 60E6A7FA263956A90025018E /* Products */;
			projectDirPath = "";
			projectRoot = "";
			targets = (
				60E6A7F8263956A90025018E /* XibView */,
				60E6A813263956AD0025018E /* XibViewTests */,
				60E6A81E263956AD0025018E /* XibViewUITests */,
			);
		};
/* End PBXProject section */

/* Begin PBXResourcesBuildPhase section */
		60E6A7F7263956A90025018E /* Resources */ = {
			isa = PBXResourcesBuildPhase;
			buildActionMask = 2147483647;
			files = (
				60FFEFE42669F6A500DDF2DE /* photo.png in Resources */,
				60F42DB9266758400088F052 /* LeadVC.xib in Resources */,
				60E6A83B263956CE0025018E /* TestView.xib in Resources */,
				60CFC24D266DE156007FAB37 /* ViewTransformImageVC.xib in Resources */,
				60F42DE926677BC30088F052 /* ChartsViewController.xib in Resources */,
				60E6A80C263956AC0025018E /* LaunchScreen.storyboard in Resources */,
				60E6A809263956AC0025018E /* Assets.xcassets in Resources */,
				60FFEFEC2669F87900DDF2DE /* ContextVC.xib in Resources */,
				600B3F5F266603D00011C09A /* AAView.xib in Resources */,
				60E6A807263956A90025018E /* Main.storyboard in Resources */,
				60BFA0D7267086D8007CDF83 /* iCloudVC.xib in Resources */,
				6030344B2668CCDB0024E407 /* BarChartVC.xib in Resources */,
				6003685F267C5B2200C21BCB /* PickViewTestVC.xib in Resources */,
			);
			runOnlyForDeploymentPostprocessing = 0;
		};
		60E6A812263956AD0025018E /* Resources */ = {
			isa = PBXResourcesBuildPhase;
			buildActionMask = 2147483647;
			files = (
			);
			runOnlyForDeploymentPostprocessing = 0;
		};
		60E6A81D263956AD0025018E /* Resources */ = {
			isa = PBXResourcesBuildPhase;
			buildActionMask = 2147483647;
			files = (
			);
			runOnlyForDeploymentPostprocessing = 0;
		};
/* End PBXResourcesBuildPhase section */

/* Begin PBXShellScriptBuildPhase section */
		0292BFF34F19961147C0EA76 /* [CP] Check Pods Manifest.lock */ = {
			isa = PBXShellScriptBuildPhase;
			buildActionMask = 2147483647;
			files = (
			);
			inputFileListPaths = (
			);
			inputPaths = (
				"${PODS_PODFILE_DIR_PATH}/Podfile.lock",
				"${PODS_ROOT}/Manifest.lock",
			);
			name = "[CP] Check Pods Manifest.lock";
			outputFileListPaths = (
			);
			outputPaths = (
				"$(DERIVED_FILE_DIR)/Pods-XibView-checkManifestLockResult.txt",
			);
			runOnlyForDeploymentPostprocessing = 0;
			shellPath = /bin/sh;
			shellScript = "diff \"${PODS_PODFILE_DIR_PATH}/Podfile.lock\" \"${PODS_ROOT}/Manifest.lock\" > /dev/null\nif [ $? != 0 ] ; then\n    # print error to STDERR\n    echo \"error: The sandbox is not in sync with the Podfile.lock. Run 'pod install' or update your CocoaPods installation.\" >&2\n    exit 1\nfi\n# This output is used by Xcode 'outputs' to avoid re-running this script phase.\necho \"SUCCESS\" > \"${SCRIPT_OUTPUT_FILE_0}\"\n";
			showEnvVarsInLog = 0;
		};
		10084C58245D8B332A9EF72E /* [CP] Embed Pods Frameworks */ = {
			isa = PBXShellScriptBuildPhase;
			buildActionMask = 2147483647;
			files = (
			);
			inputFileListPaths = (
				"${PODS_ROOT}/Target Support Files/Pods-XibView/Pods-XibView-frameworks-${CONFIGURATION}-input-files.xcfilelist",
			);
			name = "[CP] Embed Pods Frameworks";
			outputFileListPaths = (
				"${PODS_ROOT}/Target Support Files/Pods-XibView/Pods-XibView-frameworks-${CONFIGURATION}-output-files.xcfilelist",
			);
			runOnlyForDeploymentPostprocessing = 0;
			shellPath = /bin/sh;
			shellScript = "\"${PODS_ROOT}/Target Support Files/Pods-XibView/Pods-XibView-frameworks.sh\"\n";
			showEnvVarsInLog = 0;
		};
/* End PBXShellScriptBuildPhase section */

/* Begin PBXSourcesBuildPhase section */
		60E6A7F5263956A90025018E /* Sources */ = {
			isa = PBXSourcesBuildPhase;
			buildActionMask = 2147483647;
			files = (
				600B3F73266609C40011C09A /* XibViewController.m in Sources */,
				60E6A804263956A90025018E /* ViewController.m in Sources */,
				60E6A7FE263956A90025018E /* AppDelegate.m in Sources */,
				60F42DB8266758400088F052 /* LeadVC.m in Sources */,
				600B3F5A266603C20011C09A /* AAView.m in Sources */,
				603034512668D6650024E407 /* xFormat.m in Sources */,
				60FFEFDE2669F5B800DDF2DE /* ContextVC.m in Sources */,
				60E6A836263956C00025018E /* TestView.m in Sources */,
				60FFEFF2266A0C4E00DDF2DE /* ContextView.m in Sources */,
				60E664382683000000F865EE /* NSObject+RainExtend.m in Sources */,
				6030342326687CAB0024E407 /* ConfigVC.m in Sources */,
				6003685E267C5B2200C21BCB /* PickViewTestVC.m in Sources */,
				600B3F67266609210011C09A /* RainTools.m in Sources */,
				60E664322682FBE200F865EE /* AOPObject.m in Sources */,
				6030342926687D130024E407 /* ConfigView.m in Sources */,
				60E6A80F263956AC0025018E /* main.m in Sources */,
				60E6642C2682E42C00F865EE /* weakObject.m in Sources */,
				60CFC24C266DE156007FAB37 /* ViewTransformImageVC.m in Sources */,
				60E6A801263956A90025018E /* SceneDelegate.m in Sources */,
				6030344A2668CCDB0024E407 /* BarChartVC.m in Sources */,
				60BFA0D6267086D8007CDF83 /* iCloudVC.m in Sources */,
				60F42DE826677BC30088F052 /* ChartsViewController.m in Sources */,
			);
			runOnlyForDeploymentPostprocessing = 0;
		};
		60E6A810263956AD0025018E /* Sources */ = {
			isa = PBXSourcesBuildPhase;
			buildActionMask = 2147483647;
			files = (
				60E6A819263956AD0025018E /* XibViewTests.m in Sources */,
			);
			runOnlyForDeploymentPostprocessing = 0;
		};
		60E6A81B263956AD0025018E /* Sources */ = {
			isa = PBXSourcesBuildPhase;
			buildActionMask = 2147483647;
			files = (
				60E6A824263956AD0025018E /* XibViewUITests.m in Sources */,
			);
			runOnlyForDeploymentPostprocessing = 0;
		};
/* End PBXSourcesBuildPhase section */

/* Begin PBXTargetDependency section */
		60E6A816263956AD0025018E /* PBXTargetDependency */ = {
			isa = PBXTargetDependency;
			target = 60E6A7F8263956A90025018E /* XibView */;
			targetProxy = 60E6A815263956AD0025018E /* PBXContainerItemProxy */;
		};
		60E6A821263956AD0025018E /* PBXTargetDependency */ = {
			isa = PBXTargetDependency;
			target = 60E6A7F8263956A90025018E /* XibView */;
			targetProxy = 60E6A820263956AD0025018E /* PBXContainerItemProxy */;
		};
/* End PBXTargetDependency section */

/* Begin PBXVariantGroup section */
		60E6A805263956A90025018E /* Main.storyboard */ = {
			isa = PBXVariantGroup;
			children = (
				60E6A806263956A90025018E /* Base */,
			);
			name = Main.storyboard;
			sourceTree = "<group>";
		};
		60E6A80A263956AC0025018E /* LaunchScreen.storyboard */ = {
			isa = PBXVariantGroup;
			children = (
				60E6A80B263956AC0025018E /* Base */,
			);
			name = LaunchScreen.storyboard;
			sourceTree = "<group>";
		};
/* End PBXVariantGroup section */

/* Begin XCBuildConfiguration section */
		60E6A826263956AD0025018E /* Debug */ = {
			isa = XCBuildConfiguration;
			buildSettings = {
				ALWAYS_SEARCH_USER_PATHS = NO;
				CLANG_ANALYZER_NONNULL = YES;
				CLANG_ANALYZER_NUMBER_OBJECT_CONVERSION = YES_AGGRESSIVE;
				CLANG_CXX_LANGUAGE_STANDARD = "gnu++14";
				CLANG_CXX_LIBRARY = "libc++";
				CLANG_ENABLE_MODULES = YES;
				CLANG_ENABLE_OBJC_ARC = YES;
				CLANG_ENABLE_OBJC_WEAK = YES;
				CLANG_WARN_BLOCK_CAPTURE_AUTORELEASING = YES;
				CLANG_WARN_BOOL_CONVERSION = YES;
				CLANG_WARN_COMMA = YES;
				CLANG_WARN_CONSTANT_CONVERSION = YES;
				CLANG_WARN_DEPRECATED_OBJC_IMPLEMENTATIONS = YES;
				CLANG_WARN_DIRECT_OBJC_ISA_USAGE = YES_ERROR;
				CLANG_WARN_DOCUMENTATION_COMMENTS = YES;
				CLANG_WARN_EMPTY_BODY = YES;
				CLANG_WARN_ENUM_CONVERSION = YES;
				CLANG_WARN_INFINITE_RECURSION = YES;
				CLANG_WARN_INT_CONVERSION = YES;
				CLANG_WARN_NON_LITERAL_NULL_CONVERSION = YES;
				CLANG_WARN_OBJC_IMPLICIT_RETAIN_SELF = YES;
				CLANG_WARN_OBJC_LITERAL_CONVERSION = YES;
				CLANG_WARN_OBJC_ROOT_CLASS = YES_ERROR;
				CLANG_WARN_QUOTED_INCLUDE_IN_FRAMEWORK_HEADER = YES;
				CLANG_WARN_RANGE_LOOP_ANALYSIS = YES;
				CLANG_WARN_STRICT_PROTOTYPES = YES;
				CLANG_WARN_SUSPICIOUS_MOVE = YES;
				CLANG_WARN_UNGUARDED_AVAILABILITY = YES_AGGRESSIVE;
				CLANG_WARN_UNREACHABLE_CODE = YES;
				CLANG_WARN__DUPLICATE_METHOD_MATCH = YES;
				COPY_PHASE_STRIP = NO;
				DEBUG_INFORMATION_FORMAT = dwarf;
				ENABLE_STRICT_OBJC_MSGSEND = YES;
				ENABLE_TESTABILITY = YES;
				GCC_C_LANGUAGE_STANDARD = gnu11;
				GCC_DYNAMIC_NO_PIC = NO;
				GCC_NO_COMMON_BLOCKS = YES;
				GCC_OPTIMIZATION_LEVEL = 0;
				GCC_PREPROCESSOR_DEFINITIONS = (
					"DEBUG=1",
					"$(inherited)",
				);
				GCC_WARN_64_TO_32_BIT_CONVERSION = YES;
				GCC_WARN_ABOUT_RETURN_TYPE = YES_ERROR;
				GCC_WARN_UNDECLARED_SELECTOR = YES;
				GCC_WARN_UNINITIALIZED_AUTOS = YES_AGGRESSIVE;
				GCC_WARN_UNUSED_FUNCTION = YES;
				GCC_WARN_UNUSED_VARIABLE = YES;
				IPHONEOS_DEPLOYMENT_TARGET = 11.0;
				MTL_ENABLE_DEBUG_INFO = INCLUDE_SOURCE;
				MTL_FAST_MATH = YES;
				ONLY_ACTIVE_ARCH = YES;
				SDKROOT = iphoneos;
			};
			name = Debug;
		};
		60E6A827263956AD0025018E /* Release */ = {
			isa = XCBuildConfiguration;
			buildSettings = {
				ALWAYS_SEARCH_USER_PATHS = NO;
				CLANG_ANALYZER_NONNULL = YES;
				CLANG_ANALYZER_NUMBER_OBJECT_CONVERSION = YES_AGGRESSIVE;
				CLANG_CXX_LANGUAGE_STANDARD = "gnu++14";
				CLANG_CXX_LIBRARY = "libc++";
				CLANG_ENABLE_MODULES = YES;
				CLANG_ENABLE_OBJC_ARC = YES;
				CLANG_ENABLE_OBJC_WEAK = YES;
				CLANG_WARN_BLOCK_CAPTURE_AUTORELEASING = YES;
				CLANG_WARN_BOOL_CONVERSION = YES;
				CLANG_WARN_COMMA = YES;
				CLANG_WARN_CONSTANT_CONVERSION = YES;
				CLANG_WARN_DEPRECATED_OBJC_IMPLEMENTATIONS = YES;
				CLANG_WARN_DIRECT_OBJC_ISA_USAGE = YES_ERROR;
				CLANG_WARN_DOCUMENTATION_COMMENTS = YES;
				CLANG_WARN_EMPTY_BODY = YES;
				CLANG_WARN_ENUM_CONVERSION = YES;
				CLANG_WARN_INFINITE_RECURSION = YES;
				CLANG_WARN_INT_CONVERSION = YES;
				CLANG_WARN_NON_LITERAL_NULL_CONVERSION = YES;
				CLANG_WARN_OBJC_IMPLICIT_RETAIN_SELF = YES;
				CLANG_WARN_OBJC_LITERAL_CONVERSION = YES;
				CLANG_WARN_OBJC_ROOT_CLASS = YES_ERROR;
				CLANG_WARN_QUOTED_INCLUDE_IN_FRAMEWORK_HEADER = YES;
				CLANG_WARN_RANGE_LOOP_ANALYSIS = YES;
				CLANG_WARN_STRICT_PROTOTYPES = YES;
				CLANG_WARN_SUSPICIOUS_MOVE = YES;
				CLANG_WARN_UNGUARDED_AVAILABILITY = YES_AGGRESSIVE;
				CLANG_WARN_UNREACHABLE_CODE = YES;
				CLANG_WARN__DUPLICATE_METHOD_MATCH = YES;
				COPY_PHASE_STRIP = NO;
				DEBUG_INFORMATION_FORMAT = "dwarf-with-dsym";
				ENABLE_NS_ASSERTIONS = NO;
				ENABLE_STRICT_OBJC_MSGSEND = YES;
				GCC_C_LANGUAGE_STANDARD = gnu11;
				GCC_NO_COMMON_BLOCKS = YES;
				GCC_WARN_64_TO_32_BIT_CONVERSION = YES;
				GCC_WARN_ABOUT_RETURN_TYPE = YES_ERROR;
				GCC_WARN_UNDECLARED_SELECTOR = YES;
				GCC_WARN_UNINITIALIZED_AUTOS = YES_AGGRESSIVE;
				GCC_WARN_UNUSED_FUNCTION = YES;
				GCC_WARN_UNUSED_VARIABLE = YES;
				IPHONEOS_DEPLOYMENT_TARGET = 11.0;
				MTL_ENABLE_DEBUG_INFO = NO;
				MTL_FAST_MATH = YES;
				SDKROOT = iphoneos;
				VALIDATE_PRODUCT = YES;
			};
			name = Release;
		};
		60E6A829263956AD0025018E /* Debug */ = {
			isa = XCBuildConfiguration;
			baseConfigurationReference = 70EE2313C9AAA88DB7F45A8E /* Pods-XibView.debug.xcconfig */;
			buildSettings = {
				ASSETCATALOG_COMPILER_APPICON_NAME = AppIcon;
				ASSETCATALOG_COMPILER_GLOBAL_ACCENT_COLOR_NAME = AccentColor;
				CLANG_ENABLE_MODULES = YES;
				CODE_SIGN_STYLE = Automatic;
				DEVELOPMENT_TEAM = 3K3L5U7QRY;
				"EXCLUDED_ARCHS[sdk=iphonesimulator*]" = arm64;
				GCC_PREFIX_HEADER = "/Users/rainy/Desktop/iOS-Demo/XibView/RainTools/PrefixHeader.pch";
				INFOPLIST_FILE = XibView/Info.plist;
				LD_RUNPATH_SEARCH_PATHS = (
					"$(inherited)",
					"@executable_path/Frameworks",
				);
				PRODUCT_BUNDLE_IDENTIFIER = com.XibView;
				PRODUCT_NAME = "$(TARGET_NAME)";
				SWIFT_OBJC_BRIDGING_HEADER = "XibView/XibView-Bridging-Header.h";
				SWIFT_OPTIMIZATION_LEVEL = "-Onone";
				SWIFT_VERSION = 5.0;
				TARGETED_DEVICE_FAMILY = "1,2";
			};
			name = Debug;
		};
		60E6A82A263956AD0025018E /* Release */ = {
			isa = XCBuildConfiguration;
			baseConfigurationReference = 82C7F4FED4E88FB1BB489A00 /* Pods-XibView.release.xcconfig */;
			buildSettings = {
				ASSETCATALOG_COMPILER_APPICON_NAME = AppIcon;
				ASSETCATALOG_COMPILER_GLOBAL_ACCENT_COLOR_NAME = AccentColor;
				CLANG_ENABLE_MODULES = YES;
				CODE_SIGN_ENTITLEMENTS = XibView/XibViewRelease.entitlements;
				CODE_SIGN_STYLE = Automatic;
				DEVELOPMENT_TEAM = 3K3L5U7QRY;
				GCC_PREFIX_HEADER = "/Users/rainy/Desktop/iOS-Demo/XibView/RainTools/PrefixHeader.pch";
				INFOPLIST_FILE = XibView/Info.plist;
				LD_RUNPATH_SEARCH_PATHS = (
					"$(inherited)",
					"@executable_path/Frameworks",
				);
				PRODUCT_BUNDLE_IDENTIFIER = com.adinnet.XibView;
				PRODUCT_NAME = "$(TARGET_NAME)";
				SWIFT_OBJC_BRIDGING_HEADER = "XibView/XibView-Bridging-Header.h";
				SWIFT_VERSION = 5.0;
				TARGETED_DEVICE_FAMILY = "1,2";
			};
			name = Release;
		};
		60E6A82C263956AD0025018E /* Debug */ = {
			isa = XCBuildConfiguration;
			buildSettings = {
				BUNDLE_LOADER = "$(TEST_HOST)";
				CODE_SIGN_STYLE = Automatic;
				INFOPLIST_FILE = XibViewTests/Info.plist;
				IPHONEOS_DEPLOYMENT_TARGET = 14.4;
				LD_RUNPATH_SEARCH_PATHS = (
					"$(inherited)",
					"@executable_path/Frameworks",
					"@loader_path/Frameworks",
				);
				PRODUCT_BUNDLE_IDENTIFIER = com.XibViewTests;
				PRODUCT_NAME = "$(TARGET_NAME)";
				TARGETED_DEVICE_FAMILY = "1,2";
				TEST_HOST = "$(BUILT_PRODUCTS_DIR)/XibView.app/XibView";
			};
			name = Debug;
		};
		60E6A82D263956AD0025018E /* Release */ = {
			isa = XCBuildConfiguration;
			buildSettings = {
				BUNDLE_LOADER = "$(TEST_HOST)";
				CODE_SIGN_STYLE = Automatic;
				INFOPLIST_FILE = XibViewTests/Info.plist;
				IPHONEOS_DEPLOYMENT_TARGET = 14.4;
				LD_RUNPATH_SEARCH_PATHS = (
					"$(inherited)",
					"@executable_path/Frameworks",
					"@loader_path/Frameworks",
				);
				PRODUCT_BUNDLE_IDENTIFIER = com.XibViewTests;
				PRODUCT_NAME = "$(TARGET_NAME)";
				TARGETED_DEVICE_FAMILY = "1,2";
				TEST_HOST = "$(BUILT_PRODUCTS_DIR)/XibView.app/XibView";
			};
			name = Release;
		};
		60E6A82F263956AD0025018E /* Debug */ = {
			isa = XCBuildConfiguration;
			buildSettings = {
				CODE_SIGN_STYLE = Automatic;
				INFOPLIST_FILE = XibViewUITests/Info.plist;
				LD_RUNPATH_SEARCH_PATHS = (
					"$(inherited)",
					"@executable_path/Frameworks",
					"@loader_path/Frameworks",
				);
				PRODUCT_BUNDLE_IDENTIFIER = com.XibViewUITests;
				PRODUCT_NAME = "$(TARGET_NAME)";
				TARGETED_DEVICE_FAMILY = "1,2";
				TEST_TARGET_NAME = XibView;
			};
			name = Debug;
		};
		60E6A830263956AD0025018E /* Release */ = {
			isa = XCBuildConfiguration;
			buildSettings = {
				CODE_SIGN_STYLE = Automatic;
				INFOPLIST_FILE = XibViewUITests/Info.plist;
				LD_RUNPATH_SEARCH_PATHS = (
					"$(inherited)",
					"@executable_path/Frameworks",
					"@loader_path/Frameworks",
				);
				PRODUCT_BUNDLE_IDENTIFIER = com.XibViewUITests;
				PRODUCT_NAME = "$(TARGET_NAME)";
				TARGETED_DEVICE_FAMILY = "1,2";
				TEST_TARGET_NAME = XibView;
			};
			name = Release;
		};
/* End XCBuildConfiguration section */

/* Begin XCConfigurationList section */
		60E6A7F4263956A90025018E /* Build configuration list for PBXProject "XibView" */ = {
			isa = XCConfigurationList;
			buildConfigurations = (
				60E6A826263956AD0025018E /* Debug */,
				60E6A827263956AD0025018E /* Release */,
			);
			defaultConfigurationIsVisible = 0;
			defaultConfigurationName = Release;
		};
		60E6A828263956AD0025018E /* Build configuration list for PBXNativeTarget "XibView" */ = {
			isa = XCConfigurationList;
			buildConfigurations = (
				60E6A829263956AD0025018E /* Debug */,
				60E6A82A263956AD0025018E /* Release */,
			);
			defaultConfigurationIsVisible = 0;
			defaultConfigurationName = Release;
		};
		60E6A82B263956AD0025018E /* Build configuration list for PBXNativeTarget "XibViewTests" */ = {
			isa = XCConfigurationList;
			buildConfigurations = (
				60E6A82C263956AD0025018E /* Debug */,
				60E6A82D263956AD0025018E /* Release */,
			);
			defaultConfigurationIsVisible = 0;
			defaultConfigurationName = Release;
		};
		60E6A82E263956AD0025018E /* Build configuration list for PBXNativeTarget "XibViewUITests" */ = {
			isa = XCConfigurationList;
			buildConfigurations = (
				60E6A82F263956AD0025018E /* Debug */,
				60E6A830263956AD0025018E /* Release */,
			);
			defaultConfigurationIsVisible = 0;
			defaultConfigurationName = Release;
		};
/* End XCConfigurationList section */
	};
	rootObject = 60E6A7F1263956A90025018E /* Project object */;
}
